
Microsoft Visual Studio Solution File, Format Version 12.00
# Visual Studio 15
VisualStudioVersion = 15.0.26228.10
MinimumVisualStudioVersion = 10.0.40219.1
Project("{2150E333-8FDC-42A3-9474-1A3956D46DE8}") = "Scripts", "Scripts", "{67DDFCCE-E794-4324-93E1-E9A2338A2FC6}"
EndProject
Project("{FAE04EC0-301F-11D3-BF4B-00C04F79EFBC}") = "GBIY.Shared", "GBIY.Shared\GBIY.Shared.csproj", "{5C6007A1-3792-4B2A-8C1F-09E6E58317A0}"
EndProject
Project("{2150E333-8FDC-42A3-9474-1A3956D46DE8}") = "SQL", "SQL", "{D4398B6D-C66C-49F5-99C0-3D87BB9E59E7}"
	ProjectSection(SolutionItems) = preProject
		Scripts\SQL\01-[CREATE]GBIY_IDP.sql = Scripts\SQL\01-[CREATE]GBIY_IDP.sql
		Scripts\SQL\02-[CREATE]GBIY_DATACOLLECTION.sql = Scripts\SQL\02-[CREATE]GBIY_DATACOLLECTION.sql
		Scripts\SQL\03-[CREATE]GBIY_DATASET.sql = Scripts\SQL\03-[CREATE]GBIY_DATASET.sql
		Scripts\SQL\04-[CREATE][GBIY_IDP]dbo.USERINFORMATION.sql = Scripts\SQL\04-[CREATE][GBIY_IDP]dbo.USERINFORMATION.sql
		Scripts\SQL\05-[CREATE][GBIY_IDP]dbo.USERLOGININFO.sql = Scripts\SQL\05-[CREATE][GBIY_IDP]dbo.USERLOGININFO.sql
		Scripts\SQL\06-[CREATE][GBIY_IDP]dbo.USERSWARMTOKENS.sql = Scripts\SQL\06-[CREATE][GBIY_IDP]dbo.USERSWARMTOKENS.sql
		Scripts\SQL\07-[CREATE][GBIY_IDP]dbo.USERHOBBIES.sql = Scripts\SQL\07-[CREATE][GBIY_IDP]dbo.USERHOBBIES.sql
		Scripts\SQL\08-[CREATE][GBIY_IDP]dbo.USERQUESTIONANSWERS.sql = Scripts\SQL\08-[CREATE][GBIY_IDP]dbo.USERQUESTIONANSWERS.sql
		Scripts\SQL\09-[CREATE][GBIY_DATACOLLECTION]dbo.USERINFO.sql = Scripts\SQL\09-[CREATE][GBIY_DATACOLLECTION]dbo.USERINFO.sql
		Scripts\SQL\10-[CREATE][GBIY_DATACOLLECTION]dbo.POSTTYPE.sql = Scripts\SQL\10-[CREATE][GBIY_DATACOLLECTION]dbo.POSTTYPE.sql
		Scripts\SQL\11-[CREATE][GBIY_DATACOLLECTION]dbo.USERPOSTS.sql = Scripts\SQL\11-[CREATE][GBIY_DATACOLLECTION]dbo.USERPOSTS.sql
		Scripts\SQL\12-[CREATE][GBIY_DATACOLLECTION]dbo.USERCHECKINS.sql = Scripts\SQL\12-[CREATE][GBIY_DATACOLLECTION]dbo.USERCHECKINS.sql
	EndProjectSection
EndProject
Project("{2150E333-8FDC-42A3-9474-1A3956D46DE8}") = "01 - Data Access Layer", "01 - Data Access Layer", "{3E83B82C-F4E0-4D11-8A2B-3D0FE2B0BE14}"
EndProject
Project("{FAE04EC0-301F-11D3-BF4B-00C04F79EFBC}") = "GBIY.Data", "GBIY.Data\GBIY.Data.csproj", "{667F016F-0C4C-41B4-9F3F-D29A126B1275}"
EndProject
Project("{FAE04EC0-301F-11D3-BF4B-00C04F79EFBC}") = "GBIY.Data.Entities", "GBIY.Data.Entities\GBIY.Data.Entities.csproj", "{0000D9F5-FCDB-48B8-ADC6-9A61CE6F27CF}"
EndProject
Project("{FAE04EC0-301F-11D3-BF4B-00C04F79EFBC}") = "GBIY.Data.Contracts", "GBIY.Data.Contracts\GBIY.Data.Contracts.csproj", "{F6AAE417-6A59-4E51-BDC6-2368DFDD3214}"
EndProject
Project("{2150E333-8FDC-42A3-9474-1A3956D46DE8}") = "02 - Business Logic Layer", "02 - Business Logic Layer", "{AAD6C376-5D98-43F3-A256-81E4D3E0240B}"
EndProject
Project("{2150E333-8FDC-42A3-9474-1A3956D46DE8}") = "00 - Core", "00 - Core", "{E4D36EB0-79EB-471A-9922-259ED7E416AD}"
EndProject
Project("{2150E333-8FDC-42A3-9474-1A3956D46DE8}") = "03 - Hosting", "03 - Hosting", "{CF8EC51A-498F-477A-AA47-465516EEDD4A}"
EndProject
Project("{FAE04EC0-301F-11D3-BF4B-00C04F79EFBC}") = "GBIY.Core.Common", "GBIY.Core.Common\GBIY.Core.Common.csproj", "{DE3CBB69-C23F-4668-892D-7542C62F73CA}"
EndProject
Project("{FAE04EC0-301F-11D3-BF4B-00C04F79EFBC}") = "GBIY.Core", "GBIY.Core\GBIY.Core.csproj", "{93B15651-01CE-4E7A-8E54-A00D46805D69}"
EndProject
Project("{FAE04EC0-301F-11D3-BF4B-00C04F79EFBC}") = "GBIY.Business", "GBIY.Business\GBIY.Business.csproj", "{AC03EF0D-47FF-4B94-A734-DF7FA4363384}"
EndProject
Project("{FAE04EC0-301F-11D3-BF4B-00C04F79EFBC}") = "GBIY.Business.Contracts", "GBIY.Business.Contracts\GBIY.Business.Contracts.csproj", "{2DF54D88-CF27-4E32-986B-D53B21E4DEC0}"
EndProject
Project("{FAE04EC0-301F-11D3-BF4B-00C04F79EFBC}") = "GBIY.WebUI", "GBIY.WebUI\GBIY.WebUI.csproj", "{F2088697-CBF0-4E9F-8F92-BED571ACBC71}"
EndProject
Project("{FAE04EC0-301F-11D3-BF4B-00C04F79EFBC}") = "GBIY.ServiceHost.API", "GBIY.ServiceHost.API\GBIY.ServiceHost.API.csproj", "{95DDF3FD-3AEC-4FEF-9F0E-EEC45E3013A5}"
EndProject
Project("{2150E333-8FDC-42A3-9474-1A3956D46DE8}") = "04 - Data Collector", "04 - Data Collector", "{3F654952-49C3-457A-985F-65E73EF05925}"
EndProject
Project("{FAE04EC0-301F-11D3-BF4B-00C04F79EFBC}") = "GBIY.DataCollector.Windows", "GBIY.DataCollector.Windows\GBIY.DataCollector.Windows.csproj", "{3A0EF77E-67C8-4675-9E67-9CCB880DC961}"
EndProject
Project("{FAE04EC0-301F-11D3-BF4B-00C04F79EFBC}") = "GBIY.DataCollector.Twitter", "GBIY.DataCollector.Twitter\GBIY.DataCollector.Twitter.csproj", "{F6B09C8A-A600-4056-9EF6-11C814571F20}"
EndProject
Project("{FAE04EC0-301F-11D3-BF4B-00C04F79EFBC}") = "GBIY.DataCollector.FourSquare", "GBIY.DataCollector.FourSquare\GBIY.DataCollector.FourSquare.csproj", "{21B374CE-45A6-4E07-B0AA-5DDDBCD07E32}"
EndProject
Global
	GlobalSection(SolutionConfigurationPlatforms) = preSolution
		Debug|Any CPU = Debug|Any CPU
		Release|Any CPU = Release|Any CPU
	EndGlobalSection
	GlobalSection(ProjectConfigurationPlatforms) = postSolution
		{5C6007A1-3792-4B2A-8C1F-09E6E58317A0}.Debug|Any CPU.ActiveCfg = Debug|Any CPU
		{5C6007A1-3792-4B2A-8C1F-09E6E58317A0}.Debug|Any CPU.Build.0 = Debug|Any CPU
		{5C6007A1-3792-4B2A-8C1F-09E6E58317A0}.Release|Any CPU.ActiveCfg = Release|Any CPU
		{5C6007A1-3792-4B2A-8C1F-09E6E58317A0}.Release|Any CPU.Build.0 = Release|Any CPU
		{667F016F-0C4C-41B4-9F3F-D29A126B1275}.Debug|Any CPU.ActiveCfg = Debug|Any CPU
		{667F016F-0C4C-41B4-9F3F-D29A126B1275}.Debug|Any CPU.Build.0 = Debug|Any CPU
		{667F016F-0C4C-41B4-9F3F-D29A126B1275}.Release|Any CPU.ActiveCfg = Release|Any CPU
		{667F016F-0C4C-41B4-9F3F-D29A126B1275}.Release|Any CPU.Build.0 = Release|Any CPU
		{0000D9F5-FCDB-48B8-ADC6-9A61CE6F27CF}.Debug|Any CPU.ActiveCfg = Debug|Any CPU
		{0000D9F5-FCDB-48B8-ADC6-9A61CE6F27CF}.Debug|Any CPU.Build.0 = Debug|Any CPU
		{0000D9F5-FCDB-48B8-ADC6-9A61CE6F27CF}.Release|Any CPU.ActiveCfg = Release|Any CPU
		{0000D9F5-FCDB-48B8-ADC6-9A61CE6F27CF}.Release|Any CPU.Build.0 = Release|Any CPU
		{F6AAE417-6A59-4E51-BDC6-2368DFDD3214}.Debug|Any CPU.ActiveCfg = Debug|Any CPU
		{F6AAE417-6A59-4E51-BDC6-2368DFDD3214}.Debug|Any CPU.Build.0 = Debug|Any CPU
		{F6AAE417-6A59-4E51-BDC6-2368DFDD3214}.Release|Any CPU.ActiveCfg = Release|Any CPU
		{F6AAE417-6A59-4E51-BDC6-2368DFDD3214}.Release|Any CPU.Build.0 = Release|Any CPU
		{DE3CBB69-C23F-4668-892D-7542C62F73CA}.Debug|Any CPU.ActiveCfg = Debug|Any CPU
		{DE3CBB69-C23F-4668-892D-7542C62F73CA}.Debug|Any CPU.Build.0 = Debug|Any CPU
		{DE3CBB69-C23F-4668-892D-7542C62F73CA}.Release|Any CPU.ActiveCfg = Release|Any CPU
		{DE3CBB69-C23F-4668-892D-7542C62F73CA}.Release|Any CPU.Build.0 = Release|Any CPU
		{93B15651-01CE-4E7A-8E54-A00D46805D69}.Debug|Any CPU.ActiveCfg = Debug|Any CPU
		{93B15651-01CE-4E7A-8E54-A00D46805D69}.Debug|Any CPU.Build.0 = Debug|Any CPU
		{93B15651-01CE-4E7A-8E54-A00D46805D69}.Release|Any CPU.ActiveCfg = Release|Any CPU
		{93B15651-01CE-4E7A-8E54-A00D46805D69}.Release|Any CPU.Build.0 = Release|Any CPU
		{AC03EF0D-47FF-4B94-A734-DF7FA4363384}.Debug|Any CPU.ActiveCfg = Debug|Any CPU
		{AC03EF0D-47FF-4B94-A734-DF7FA4363384}.Debug|Any CPU.Build.0 = Debug|Any CPU
		{AC03EF0D-47FF-4B94-A734-DF7FA4363384}.Release|Any CPU.ActiveCfg = Release|Any CPU
		{AC03EF0D-47FF-4B94-A734-DF7FA4363384}.Release|Any CPU.Build.0 = Release|Any CPU
		{2DF54D88-CF27-4E32-986B-D53B21E4DEC0}.Debug|Any CPU.ActiveCfg = Debug|Any CPU
		{2DF54D88-CF27-4E32-986B-D53B21E4DEC0}.Debug|Any CPU.Build.0 = Debug|Any CPU
		{2DF54D88-CF27-4E32-986B-D53B21E4DEC0}.Release|Any CPU.ActiveCfg = Release|Any CPU
		{2DF54D88-CF27-4E32-986B-D53B21E4DEC0}.Release|Any CPU.Build.0 = Release|Any CPU
		{F2088697-CBF0-4E9F-8F92-BED571ACBC71}.Debug|Any CPU.ActiveCfg = Debug|Any CPU
		{F2088697-CBF0-4E9F-8F92-BED571ACBC71}.Debug|Any CPU.Build.0 = Debug|Any CPU
		{F2088697-CBF0-4E9F-8F92-BED571ACBC71}.Release|Any CPU.ActiveCfg = Release|Any CPU
		{F2088697-CBF0-4E9F-8F92-BED571ACBC71}.Release|Any CPU.Build.0 = Release|Any CPU
		{95DDF3FD-3AEC-4FEF-9F0E-EEC45E3013A5}.Debug|Any CPU.ActiveCfg = Debug|Any CPU
		{95DDF3FD-3AEC-4FEF-9F0E-EEC45E3013A5}.Debug|Any CPU.Build.0 = Debug|Any CPU
		{95DDF3FD-3AEC-4FEF-9F0E-EEC45E3013A5}.Release|Any CPU.ActiveCfg = Release|Any CPU
		{95DDF3FD-3AEC-4FEF-9F0E-EEC45E3013A5}.Release|Any CPU.Build.0 = Release|Any CPU
		{3A0EF77E-67C8-4675-9E67-9CCB880DC961}.Debug|Any CPU.ActiveCfg = Debug|Any CPU
		{3A0EF77E-67C8-4675-9E67-9CCB880DC961}.Debug|Any CPU.Build.0 = Debug|Any CPU
		{3A0EF77E-67C8-4675-9E67-9CCB880DC961}.Release|Any CPU.ActiveCfg = Release|Any CPU
		{3A0EF77E-67C8-4675-9E67-9CCB880DC961}.Release|Any CPU.Build.0 = Release|Any CPU
		{F6B09C8A-A600-4056-9EF6-11C814571F20}.Debug|Any CPU.ActiveCfg = Debug|Any CPU
		{F6B09C8A-A600-4056-9EF6-11C814571F20}.Debug|Any CPU.Build.0 = Debug|Any CPU
		{F6B09C8A-A600-4056-9EF6-11C814571F20}.Release|Any CPU.ActiveCfg = Release|Any CPU
		{F6B09C8A-A600-4056-9EF6-11C814571F20}.Release|Any CPU.Build.0 = Release|Any CPU
		{21B374CE-45A6-4E07-B0AA-5DDDBCD07E32}.Debug|Any CPU.ActiveCfg = Debug|Any CPU
		{21B374CE-45A6-4E07-B0AA-5DDDBCD07E32}.Debug|Any CPU.Build.0 = Debug|Any CPU
		{21B374CE-45A6-4E07-B0AA-5DDDBCD07E32}.Release|Any CPU.ActiveCfg = Release|Any CPU
		{21B374CE-45A6-4E07-B0AA-5DDDBCD07E32}.Release|Any CPU.Build.0 = Release|Any CPU
	EndGlobalSection
	GlobalSection(SolutionProperties) = preSolution
		HideSolutionNode = FALSE
	EndGlobalSection
	GlobalSection(NestedProjects) = preSolution
		{D4398B6D-C66C-49F5-99C0-3D87BB9E59E7} = {67DDFCCE-E794-4324-93E1-E9A2338A2FC6}
		{667F016F-0C4C-41B4-9F3F-D29A126B1275} = {3E83B82C-F4E0-4D11-8A2B-3D0FE2B0BE14}
		{0000D9F5-FCDB-48B8-ADC6-9A61CE6F27CF} = {3E83B82C-F4E0-4D11-8A2B-3D0FE2B0BE14}
		{F6AAE417-6A59-4E51-BDC6-2368DFDD3214} = {3E83B82C-F4E0-4D11-8A2B-3D0FE2B0BE14}
		{DE3CBB69-C23F-4668-892D-7542C62F73CA} = {E4D36EB0-79EB-471A-9922-259ED7E416AD}
		{93B15651-01CE-4E7A-8E54-A00D46805D69} = {E4D36EB0-79EB-471A-9922-259ED7E416AD}
		{AC03EF0D-47FF-4B94-A734-DF7FA4363384} = {AAD6C376-5D98-43F3-A256-81E4D3E0240B}
		{2DF54D88-CF27-4E32-986B-D53B21E4DEC0} = {AAD6C376-5D98-43F3-A256-81E4D3E0240B}
		{F2088697-CBF0-4E9F-8F92-BED571ACBC71} = {CF8EC51A-498F-477A-AA47-465516EEDD4A}
		{95DDF3FD-3AEC-4FEF-9F0E-EEC45E3013A5} = {CF8EC51A-498F-477A-AA47-465516EEDD4A}
		{3A0EF77E-67C8-4675-9E67-9CCB880DC961} = {3F654952-49C3-457A-985F-65E73EF05925}
		{F6B09C8A-A600-4056-9EF6-11C814571F20} = {3F654952-49C3-457A-985F-65E73EF05925}
		{21B374CE-45A6-4E07-B0AA-5DDDBCD07E32} = {3F654952-49C3-457A-985F-65E73EF05925}
	EndGlobalSection
EndGlobal
